
Microsoft Visual Studio Solution File, Format Version 12.00
# Visual Studio Version 16
VisualStudioVersion = 16.0.34601.136
MinimumVisualStudioVersion = 10.0.40219.1
Project("{FAE04EC0-301F-11D3-BF4B-00C04F79EFBC}") = "KamikazeStream", "KamikazeStream.csproj", "{6B393CFA-5B59-4BCC-9CC3-7D906F870C1D}"
EndProject
Global
	GlobalSection(SolutionConfigurationPlatforms) = preSolution
		Debug|Any CPU = Debug|Any CPU
		Release|Any CPU = Release|Any CPU
	EndGlobalSection
	GlobalSection(ProjectConfigurationPlatforms) = postSolution
		{6B393CFA-5B59-4BCC-9CC3-7D906F870C1D}.Debug|Any CPU.ActiveCfg = Debug|Any CPU
		{6B393CFA-5B59-4BCC-9CC3-7D906F870C1D}.Debug|Any CPU.Build.0 = Debug|Any CPU
		{6B393CFA-5B59-4BCC-9CC3-7D906F870C1D}.Release|Any CPU.ActiveCfg = Release|Any CPU
		{6B393CFA-5B59-4BCC-9CC3-7D906F870C1D}.Release|Any CPU.Build.0 = Release|Any CPU
	EndGlobalSection
	GlobalSection(SolutionProperties) = preSolution
		HideSolutionNode = FALSE
	EndGlobalSection
	GlobalSection(ExtensibilityGlobals) = postSolution
		SolutionGuid = {88E287FD-885F-4CF5-A00F-925D9B89163D}
	EndGlobalSection
EndGlobal
